
Microsoft Visual Studio Solution File, Format Version 12.00
# Visual Studio 15
VisualStudioVersion = 15.0.27703.2047
MinimumVisualStudioVersion = 10.0.40219.1
Project("{FAE04EC0-301F-11D3-BF4B-00C04F79EFBC}") = "TallerApi.Xamarin.Android", "TallerApi.Xamarin\TallerApi.Xamarin.Android\TallerApi.Xamarin.Android.csproj", "{F1E2C8BF-AA44-4906-9623-659AFE5E8B62}"
EndProject
Project("{FAE04EC0-301F-11D3-BF4B-00C04F79EFBC}") = "TallerApi.Xamarin", "TallerApi.Xamarin\TallerApi.Xamarin\TallerApi.Xamarin.csproj", "{75E11F05-35EB-457A-8AA5-C55D86C95F31}"
EndProject
Project("{FAE04EC0-301F-11D3-BF4B-00C04F79EFBC}") = "TallerApi.apis", "TallerApi.apis\TallerApi.apis.csproj", "{3808E0B6-28B9-422A-B5B2-94D76D97659E}"
EndProject
Global
	GlobalSection(SolutionConfigurationPlatforms) = preSolution
		Debug|Any CPU = Debug|Any CPU
		Release|Any CPU = Release|Any CPU
	EndGlobalSection
	GlobalSection(ProjectConfigurationPlatforms) = postSolution
		{F1E2C8BF-AA44-4906-9623-659AFE5E8B62}.Debug|Any CPU.ActiveCfg = Debug|Any CPU
		{F1E2C8BF-AA44-4906-9623-659AFE5E8B62}.Debug|Any CPU.Build.0 = Debug|Any CPU
		{F1E2C8BF-AA44-4906-9623-659AFE5E8B62}.Debug|Any CPU.Deploy.0 = Debug|Any CPU
		{F1E2C8BF-AA44-4906-9623-659AFE5E8B62}.Release|Any CPU.ActiveCfg = Release|Any CPU
		{F1E2C8BF-AA44-4906-9623-659AFE5E8B62}.Release|Any CPU.Build.0 = Release|Any CPU
		{F1E2C8BF-AA44-4906-9623-659AFE5E8B62}.Release|Any CPU.Deploy.0 = Release|Any CPU
		{75E11F05-35EB-457A-8AA5-C55D86C95F31}.Debug|Any CPU.ActiveCfg = Debug|Any CPU
		{75E11F05-35EB-457A-8AA5-C55D86C95F31}.Debug|Any CPU.Build.0 = Debug|Any CPU
		{75E11F05-35EB-457A-8AA5-C55D86C95F31}.Debug|Any CPU.Deploy.0 = Debug|Any CPU
		{75E11F05-35EB-457A-8AA5-C55D86C95F31}.Release|Any CPU.ActiveCfg = Release|Any CPU
		{75E11F05-35EB-457A-8AA5-C55D86C95F31}.Release|Any CPU.Build.0 = Release|Any CPU
		{75E11F05-35EB-457A-8AA5-C55D86C95F31}.Release|Any CPU.Deploy.0 = Release|Any CPU
		{3808E0B6-28B9-422A-B5B2-94D76D97659E}.Debug|Any CPU.ActiveCfg = Debug|Any CPU
		{3808E0B6-28B9-422A-B5B2-94D76D97659E}.Debug|Any CPU.Build.0 = Debug|Any CPU
		{3808E0B6-28B9-422A-B5B2-94D76D97659E}.Release|Any CPU.ActiveCfg = Release|Any CPU
		{3808E0B6-28B9-422A-B5B2-94D76D97659E}.Release|Any CPU.Build.0 = Release|Any CPU
	EndGlobalSection
	GlobalSection(SolutionProperties) = preSolution
		HideSolutionNode = FALSE
	EndGlobalSection
	GlobalSection(ExtensibilityGlobals) = postSolution
		SolutionGuid = {8C6330F5-F759-4CCF-818D-4E28DF0989F9}
	EndGlobalSection
EndGlobal
